
Microsoft Visual Studio Solution File, Format Version 12.00
# Visual Studio Version 17
VisualStudioVersion = 17.0.31903.59
MinimumVisualStudioVersion = 10.0.40219.1
Project("{9A19103F-16F7-4668-BE54-9A1E7A4F7556}") = "Chummer", "Chummer\Chummer.csproj", "{28A46EA3-4E45-4842-B8AE-313AFDE61173}"
EndProject
Project("{FAE04EC0-301F-11D3-BF4B-00C04F79EFBC}") = "Chummer.Contracts", "Chummer.Contracts\Chummer.Contracts.csproj", "{8D26CD5C-FE74-4E11-84CC-719ABF8E343A}"
EndProject
Global
	GlobalSection(SolutionConfigurationPlatforms) = preSolution
		Debug|Any CPU = Debug|Any CPU
		Debug|x64 = Debug|x64
		Debug|x86 = Debug|x86
		Debuggable Release|Any CPU = Debuggable Release|Any CPU
		Debuggable Release|x64 = Debuggable Release|x64
		Debuggable Release|x86 = Debuggable Release|x86
		Release|Any CPU = Release|Any CPU
		Release|x64 = Release|x64
		Release|x86 = Release|x86
	EndGlobalSection
	GlobalSection(ProjectConfigurationPlatforms) = postSolution
		{28A46EA3-4E45-4842-B8AE-313AFDE61173}.Debug|Any CPU.ActiveCfg = Debug|Any CPU
		{28A46EA3-4E45-4842-B8AE-313AFDE61173}.Debug|Any CPU.Build.0 = Debug|Any CPU
		{28A46EA3-4E45-4842-B8AE-313AFDE61173}.Debug|x64.ActiveCfg = Debug|Any CPU
		{28A46EA3-4E45-4842-B8AE-313AFDE61173}.Debug|x64.Build.0 = Debug|Any CPU
		{28A46EA3-4E45-4842-B8AE-313AFDE61173}.Debug|x86.ActiveCfg = Debug|Any CPU
		{28A46EA3-4E45-4842-B8AE-313AFDE61173}.Debug|x86.Build.0 = Debug|Any CPU
		{28A46EA3-4E45-4842-B8AE-313AFDE61173}.Debuggable Release|Any CPU.ActiveCfg = Debuggable Release|Any CPU
		{28A46EA3-4E45-4842-B8AE-313AFDE61173}.Debuggable Release|Any CPU.Build.0 = Debuggable Release|Any CPU
		{28A46EA3-4E45-4842-B8AE-313AFDE61173}.Debuggable Release|x64.ActiveCfg = Debuggable Release|Any CPU
		{28A46EA3-4E45-4842-B8AE-313AFDE61173}.Debuggable Release|x64.Build.0 = Debuggable Release|Any CPU
		{28A46EA3-4E45-4842-B8AE-313AFDE61173}.Debuggable Release|x86.ActiveCfg = Debuggable Release|Any CPU
		{28A46EA3-4E45-4842-B8AE-313AFDE61173}.Debuggable Release|x86.Build.0 = Debuggable Release|Any CPU
		{28A46EA3-4E45-4842-B8AE-313AFDE61173}.Release|Any CPU.ActiveCfg = Release|Any CPU
		{28A46EA3-4E45-4842-B8AE-313AFDE61173}.Release|Any CPU.Build.0 = Release|Any CPU
		{28A46EA3-4E45-4842-B8AE-313AFDE61173}.Release|x64.ActiveCfg = Release|Any CPU
		{28A46EA3-4E45-4842-B8AE-313AFDE61173}.Release|x64.Build.0 = Release|Any CPU
		{28A46EA3-4E45-4842-B8AE-313AFDE61173}.Release|x86.ActiveCfg = Release|Any CPU
		{28A46EA3-4E45-4842-B8AE-313AFDE61173}.Release|x86.Build.0 = Release|Any CPU
		{8D26CD5C-FE74-4E11-84CC-719ABF8E343A}.Debug|Any CPU.ActiveCfg = Debug|Any CPU
		{8D26CD5C-FE74-4E11-84CC-719ABF8E343A}.Debug|Any CPU.Build.0 = Debug|Any CPU
		{8D26CD5C-FE74-4E11-84CC-719ABF8E343A}.Debug|x64.ActiveCfg = Debug|Any CPU
		{8D26CD5C-FE74-4E11-84CC-719ABF8E343A}.Debug|x64.Build.0 = Debug|Any CPU
		{8D26CD5C-FE74-4E11-84CC-719ABF8E343A}.Debug|x86.ActiveCfg = Debug|Any CPU
		{8D26CD5C-FE74-4E11-84CC-719ABF8E343A}.Debug|x86.Build.0 = Debug|Any CPU
		{8D26CD5C-FE74-4E11-84CC-719ABF8E343A}.Debuggable Release|Any CPU.ActiveCfg = Debug|Any CPU
		{8D26CD5C-FE74-4E11-84CC-719ABF8E343A}.Debuggable Release|Any CPU.Build.0 = Debug|Any CPU
		{8D26CD5C-FE74-4E11-84CC-719ABF8E343A}.Debuggable Release|x64.ActiveCfg = Debug|Any CPU
		{8D26CD5C-FE74-4E11-84CC-719ABF8E343A}.Debuggable Release|x64.Build.0 = Debug|Any CPU
		{8D26CD5C-FE74-4E11-84CC-719ABF8E343A}.Debuggable Release|x86.ActiveCfg = Debug|Any CPU
		{8D26CD5C-FE74-4E11-84CC-719ABF8E343A}.Debuggable Release|x86.Build.0 = Debug|Any CPU
		{8D26CD5C-FE74-4E11-84CC-719ABF8E343A}.Release|Any CPU.ActiveCfg = Release|Any CPU
		{8D26CD5C-FE74-4E11-84CC-719ABF8E343A}.Release|Any CPU.Build.0 = Release|Any CPU
		{8D26CD5C-FE74-4E11-84CC-719ABF8E343A}.Release|x64.ActiveCfg = Release|Any CPU
		{8D26CD5C-FE74-4E11-84CC-719ABF8E343A}.Release|x64.Build.0 = Release|Any CPU
		{8D26CD5C-FE74-4E11-84CC-719ABF8E343A}.Release|x86.ActiveCfg = Release|Any CPU
		{8D26CD5C-FE74-4E11-84CC-719ABF8E343A}.Release|x86.Build.0 = Release|Any CPU
	EndGlobalSection
	GlobalSection(SolutionProperties) = preSolution
		HideSolutionNode = FALSE
	EndGlobalSection
EndGlobal
